{
  "lockfileVersion": 1,
  "workspaces": {
    "": {
      "name": "react-devtools-detector",
      "dependencies": {
        "devtools-detector": "^2.0.23",
        "react": "^19.1.0",
      },
      "devDependencies": {
        "@types/bun": "latest",
        "@types/react": "^19.1.8",
        "bun-plugin-isolated-decl": "^0.2.6",
        "oxc-transform": "^0.72.3",
      },
      "peerDependencies": {
        "typescript": "^5.8.3",
      },
    },
  },
  "packages": {
    "@emnapi/core": ["@emnapi/core@1.4.3", "", { "dependencies": { "@emnapi/wasi-threads": "1.0.2", "tslib": "^2.4.0" } }, "sha512-4m62DuCE07lw01soJwPiBGC0nAww0Q+RY70VZ+n49yDIO13yyinhbWCeNnaob0lakDtWQzSdtNWzJeOJt2ma+g=="],

    "@emnapi/runtime": ["@emnapi/runtime@1.4.3", "", { "dependencies": { "tslib": "^2.4.0" } }, "sha512-pBPWdu6MLKROBX05wSNKcNb++m5Er+KQ9QkB+WVM+pW2Kx9hoSrVTnu3BdkI5eBLZoKu/J6mW/B6i6bJB2ytXQ=="],

    "@emnapi/wasi-threads": ["@emnapi/wasi-threads@1.0.2", "", { "dependencies": { "tslib": "^2.4.0" } }, "sha512-5n3nTJblwRi8LlXkJ9eBzu+kZR8Yxcc7ubakyQTFzPMtIhFpUBRbsnc2Dv88IZDIbCDlBiWrknhB4Lsz7mg6BA=="],

    "@jridgewell/sourcemap-codec": ["@jridgewell/sourcemap-codec@1.5.0", "", {}, "sha512-gv3ZRaISU3fjPAgNsriBRqGWQL6quFx04YMPW/zD8XMLsU32mhCCbfbO6KZFLjvYpCZ8zyDEgqsgf+PwPaM7GQ=="],

    "@napi-rs/wasm-runtime": ["@napi-rs/wasm-runtime@0.2.11", "", { "dependencies": { "@emnapi/core": "^1.4.3", "@emnapi/runtime": "^1.4.3", "@tybys/wasm-util": "^0.9.0" } }, "sha512-9DPkXtvHydrcOsopiYpUgPHpmj0HWZKMUnL2dZqpvC42lsratuBG06V5ipyno0fUek5VlFsNQ+AcFATSrJXgMA=="],

    "@oxc-parser/binding-darwin-arm64": ["@oxc-parser/binding-darwin-arm64@0.72.3", "", { "os": "darwin", "cpu": "arm64" }, "sha512-g6wgcfL7At4wHNHutl0NmPZTAju+cUSmSX5WGUMyTJmozRzhx8E9a2KL4rTqNJPwEpbCFrgC29qX9f4fpDnUpA=="],

    "@oxc-parser/binding-darwin-x64": ["@oxc-parser/binding-darwin-x64@0.72.3", "", { "os": "darwin", "cpu": "x64" }, "sha512-pc+tplB2fd0AqdnXY90FguqSF2OwbxXwrMOLAMmsUiK4/ytr8Z/ftd49+d27GgvQJKeg2LfnIbskaQtY/j2tAA=="],

    "@oxc-parser/binding-freebsd-x64": ["@oxc-parser/binding-freebsd-x64@0.72.3", "", { "os": "freebsd", "cpu": "x64" }, "sha512-igBR6rOvL8t5SBm1f1rjtWNsjB53HNrM3au582JpYzWxOqCjeA5Jlm9KZbjQJC+J8SPB9xyljM7G+6yGZ2UAkQ=="],

    "@oxc-parser/binding-linux-arm-gnueabihf": ["@oxc-parser/binding-linux-arm-gnueabihf@0.72.3", "", { "os": "linux", "cpu": "arm" }, "sha512-/izdr3wg7bK+2RmNhZXC2fQwxbaTH3ELeqdR+Wg4FiEJ/C7ZBIjfB0E734bZGgbDu+rbEJTBlbG77XzY0wRX/Q=="],

    "@oxc-parser/binding-linux-arm-musleabihf": ["@oxc-parser/binding-linux-arm-musleabihf@0.72.3", "", { "os": "linux", "cpu": "arm" }, "sha512-Vz7C+qJb22HIFl3zXMlwvlTOR+MaIp5ps78060zsdeZh2PUGlYuUYkYXtGEjJV3kc8aKFj79XKqAY1EPG2NWQA=="],

    "@oxc-parser/binding-linux-arm64-gnu": ["@oxc-parser/binding-linux-arm64-gnu@0.72.3", "", { "os": "linux", "cpu": "arm64" }, "sha512-nomoMe2VpVxW767jhF+G3mDGmE0U6nvvi5nw9Edqd/5DIylQfq/lEGUWL7qITk+E72YXBsnwHtpRRlIAJOMyZg=="],

    "@oxc-parser/binding-linux-arm64-musl": ["@oxc-parser/binding-linux-arm64-musl@0.72.3", "", { "os": "linux", "cpu": "arm64" }, "sha512-4DswiIK5dI7hFqcMKWtZ7IZnWkRuskh6poI1ad4gkY2p678NOGtl6uOGCCRlDmLOOhp3R27u4VCTzQ6zra977w=="],

    "@oxc-parser/binding-linux-riscv64-gnu": ["@oxc-parser/binding-linux-riscv64-gnu@0.72.3", "", { "os": "linux", "cpu": "none" }, "sha512-R9GEiA4WFPGU/3RxAhEd6SaMdpqongGTvGEyTvYCS/MAQyXKxX/LFvc2xwjdvESpjIemmc/12aTTq6if28vHkQ=="],

    "@oxc-parser/binding-linux-s390x-gnu": ["@oxc-parser/binding-linux-s390x-gnu@0.72.3", "", { "os": "linux", "cpu": "s390x" }, "sha512-/sEYJQMVqikZO8gK9VDPT4zXo9du3gvvu8jp6erMmW5ev+14PErWRypJjktp0qoTj+uq4MzXro0tg7U+t5hP1w=="],

    "@oxc-parser/binding-linux-x64-gnu": ["@oxc-parser/binding-linux-x64-gnu@0.72.3", "", { "os": "linux", "cpu": "x64" }, "sha512-hlyljEZ0sMPKJQCd5pxnRh2sAf/w+Ot2iJecgV9Hl3brrYrYCK2kofC0DFaJM3NRmG/8ZB3PlxnSRSKZTocwCw=="],

    "@oxc-parser/binding-linux-x64-musl": ["@oxc-parser/binding-linux-x64-musl@0.72.3", "", { "os": "linux", "cpu": "x64" }, "sha512-T17S8ORqAIq+YDFMvLfbNdAiYHYDM1+sLMNhesR5eWBtyTHX510/NbgEvcNemO9N6BNR7m4A9o+q468UG+dmbg=="],

    "@oxc-parser/binding-wasm32-wasi": ["@oxc-parser/binding-wasm32-wasi@0.72.3", "", { "dependencies": { "@napi-rs/wasm-runtime": "^0.2.10" }, "cpu": "none" }, "sha512-x0Ojn/jyRUk6MllvVB/puSvI2tczZBIYweKVYHNv1nBatjPRiqo+6/uXiKrZwSfGLkGARrKkTuHSa5RdZBMOdA=="],

    "@oxc-parser/binding-win32-arm64-msvc": ["@oxc-parser/binding-win32-arm64-msvc@0.72.3", "", { "os": "win32", "cpu": "arm64" }, "sha512-kRVAl87ugRjLZTm9vGUyiXU50mqxLPHY81rgnZUP1HtNcqcmTQtM/wUKQL2UdqvhA6xm6zciqzqCgJfU+RW8uA=="],

    "@oxc-parser/binding-win32-x64-msvc": ["@oxc-parser/binding-win32-x64-msvc@0.72.3", "", { "os": "win32", "cpu": "x64" }, "sha512-vpVdoGAP5iGE5tIEPJgr7FkQJZA+sKjMkg5x1jarWJ1nnBamfGsfYiZum4QjCfW7jb+pl42rHVSS3lRmMPcyrQ=="],

    "@oxc-project/types": ["@oxc-project/types@0.72.3", "", {}, "sha512-CfAC4wrmMkUoISpQkFAIfMVvlPfQV3xg7ZlcqPXPOIMQhdKIId44G8W0mCPgtpWdFFAyJ+SFtiM+9vbyCkoVng=="],

    "@oxc-transform/binding-darwin-arm64": ["@oxc-transform/binding-darwin-arm64@0.72.3", "", { "os": "darwin", "cpu": "arm64" }, "sha512-TfCD0OJvZUummYr127gshEETLtPVi9y48HTxd3FtZ0931Ys2a9lr1zVRmASRLbhgudyfvC3/kLcH5Zp1VGFdxg=="],

    "@oxc-transform/binding-darwin-x64": ["@oxc-transform/binding-darwin-x64@0.72.3", "", { "os": "darwin", "cpu": "x64" }, "sha512-7atxxYqDg6Jx2V/05pomROFfTuqZTVZjPJINBAmq2/hf6U7VzoSn/knwvRLUi6GFW9GcJodBCy609wcJNpsPQw=="],

    "@oxc-transform/binding-freebsd-x64": ["@oxc-transform/binding-freebsd-x64@0.72.3", "", { "os": "freebsd", "cpu": "x64" }, "sha512-lHORAYfapKWomKe9GOuJwYZFnSmDsPcD3/zIP2rs2ECwhobXqXIKvEEe6XvuemK3kUyQVC1I6fbFE3vBYReYjw=="],

    "@oxc-transform/binding-linux-arm-gnueabihf": ["@oxc-transform/binding-linux-arm-gnueabihf@0.72.3", "", { "os": "linux", "cpu": "arm" }, "sha512-TklLVfKgzisN5VN/pKPkSulAabPM+sBz86SGxehGr0z1q1ThgNR7Ds7Jp/066htd+lMBvTVQ21j1cWQEs1/b3g=="],

    "@oxc-transform/binding-linux-arm-musleabihf": ["@oxc-transform/binding-linux-arm-musleabihf@0.72.3", "", { "os": "linux", "cpu": "arm" }, "sha512-pF+Zx0zoZ5pP9vmCwEJrgv363c7RDFJ1p0gB6NpVaEzlANR2xyEpdXZAm/aDCcBmVJP1TBBT3/SeSpUrW0XjGw=="],

    "@oxc-transform/binding-linux-arm64-gnu": ["@oxc-transform/binding-linux-arm64-gnu@0.72.3", "", { "os": "linux", "cpu": "arm64" }, "sha512-p4GD2rkN8dAWlW7gsKNliSn7C5aou76RFrKYk3OkquMIKzaN1zScu47fjxUZQo0SBamOIxdy7DLmgP/B2kamlg=="],

    "@oxc-transform/binding-linux-arm64-musl": ["@oxc-transform/binding-linux-arm64-musl@0.72.3", "", { "os": "linux", "cpu": "arm64" }, "sha512-McyHuMg9DeAcAm+JUk9f/xB4HmA+0y/q0JJvm/ynBSEDaMqAQbOSHRGrSE3IcqY1/HrxNHIaDL+3j0mS9MrfVg=="],

    "@oxc-transform/binding-linux-riscv64-gnu": ["@oxc-transform/binding-linux-riscv64-gnu@0.72.3", "", { "os": "linux", "cpu": "none" }, "sha512-YL8dil5j0Fgzm1swZ1V0gvYP/fxG5K0jsPB8uGbkdKEKtGc0hTZgNIIoA8UvQ0YwXWTc1D6p4Q1+boiKK9b7iA=="],

    "@oxc-transform/binding-linux-s390x-gnu": ["@oxc-transform/binding-linux-s390x-gnu@0.72.3", "", { "os": "linux", "cpu": "s390x" }, "sha512-CLIm+fiv0pOB1fXlckXoGzImlqDX/beCYwGAveFbHnQ/ACmzeUzb1eLXEXLiMGqFQDH4QJBZoEaUdxXWSoo1zg=="],

    "@oxc-transform/binding-linux-x64-gnu": ["@oxc-transform/binding-linux-x64-gnu@0.72.3", "", { "os": "linux", "cpu": "x64" }, "sha512-MxMhnyU4D0a1Knv8JXLPB38yEYx2P+IAk+WJ+lJHBncTkkPQvOaEv/QQcSyr2vHSKJuyav16U4B1ZtAHlZcq6A=="],

    "@oxc-transform/binding-linux-x64-musl": ["@oxc-transform/binding-linux-x64-musl@0.72.3", "", { "os": "linux", "cpu": "x64" }, "sha512-xUXHOWmrxWpDn86IUkLVNEZ3HkAnKZsgRQ+UoYmiaaWRcoCFtfnKETNYjkuWtW8lU00KT00llqptnPfhV7WdWw=="],

    "@oxc-transform/binding-wasm32-wasi": ["@oxc-transform/binding-wasm32-wasi@0.72.3", "", { "dependencies": { "@napi-rs/wasm-runtime": "^0.2.10" }, "cpu": "none" }, "sha512-JdxNYpR/gXz4rnDxYTToHDCCJEW9+RmBvAL/pQPGHf26xHmE7vXtxqI3Mbw6jS57pTvC6FA8Cx3PMb3UJ+nEEg=="],

    "@oxc-transform/binding-win32-arm64-msvc": ["@oxc-transform/binding-win32-arm64-msvc@0.72.3", "", { "os": "win32", "cpu": "arm64" }, "sha512-DAKJgdMLsQvOuSwT7jjse0dOiqYj+QJc76wUogg1C/C3ub6PtvNLiCzrXkTnJ+C47dFozaxvSyEZnSXkorF0Kg=="],

    "@oxc-transform/binding-win32-x64-msvc": ["@oxc-transform/binding-win32-x64-msvc@0.72.3", "", { "os": "win32", "cpu": "x64" }, "sha512-BmSG7DkjV7C5votwwB8bP8qpkRjavLRQPFsAuvyCcc6gnEPeIvdWSPDZXk39YMe00Nm3wQ2oNRa7hgwDMatTvw=="],

    "@tybys/wasm-util": ["@tybys/wasm-util@0.9.0", "", { "dependencies": { "tslib": "^2.4.0" } }, "sha512-6+7nlbMVX/PVDCwaIQ8nTOPveOcFLSt8GcXdx8hD0bt39uWxYT88uXzqTd4fTvqta7oeUJqudepapKNt2DYJFw=="],

    "@types/bun": ["@types/bun@1.2.15", "", { "dependencies": { "bun-types": "1.2.15" } }, "sha512-U1ljPdBEphF0nw1MIk0hI7kPg7dFdPyM7EenHsp6W5loNHl7zqy6JQf/RKCgnUn2KDzUpkBwHPnEJEjII594bA=="],

    "@types/node": ["@types/node@24.0.1", "", { "dependencies": { "undici-types": "~7.8.0" } }, "sha512-MX4Zioh39chHlDJbKmEgydJDS3tspMP/lnQC67G3SWsTnb9NeYVWOjkxpOSy4oMfPs4StcWHwBrvUb4ybfnuaw=="],

    "@types/react": ["@types/react@19.1.8", "", { "dependencies": { "csstype": "^3.0.2" } }, "sha512-AwAfQ2Wa5bCx9WP8nZL2uMZWod7J7/JSplxbTmBQ5ms6QpqNYm672H0Vu9ZVKVngQ+ii4R/byguVEUZQyeg44g=="],

    "acorn": ["acorn@8.15.0", "", { "bin": { "acorn": "bin/acorn" } }, "sha512-NZyJarBfL7nWwIq+FDL6Zp/yHEhePMNnnJ0y3qfieCrmNvYct8uvtiV41UvlSe6apAfk0fY1FbWx+NwfmpvtTg=="],

    "bun-only": ["bun-only@0.0.1", "", {}, "sha512-eQdy3eKF3MPcrwhvDq/7BykQ9kpl9Lu/zJ9IcL1AsjZ4vct68Du8reZisptp7YL8b65iImMf9j06xmGUNsc2rQ=="],

    "bun-plugin-isolated-decl": ["bun-plugin-isolated-decl@0.2.6", "", { "dependencies": { "bun-only": "^0.0.1", "is-glob": "^4.0.3", "oxc-transform": "^0.71.0", "unplugin-isolated-decl": "^0.14.2" } }, "sha512-QIMXm3sj59CWaA60WRQHzKm743fzk/4HT3c1hHR1tZ6qa/krriuajjH68agadMofw4gdGSzSUqbhPHRzGhAp7Q=="],

    "bun-types": ["bun-types@1.2.15", "", { "dependencies": { "@types/node": "*" } }, "sha512-NarRIaS+iOaQU1JPfyKhZm4AsUOrwUOqRNHY0XxI8GI8jYxiLXLcdjYMG9UKS+fwWasc1uw1htV9AX24dD+p4w=="],

    "compare-versions": ["compare-versions@3.6.0", "", {}, "sha512-W6Af2Iw1z4CB7q4uU4hv646dW9GQuBM+YpC0UvUCWSD8w90SJjp+ujJuXaEMtAXBtSqGfMPuFOVn4/+FlaqfBA=="],

    "csstype": ["csstype@3.1.3", "", {}, "sha512-M1uQkMl8rQK/szD0LNhtqxIPLpimGm8sOBwU7lLnCpSbTyY3yeU1Vc7l4KT5zT4s/yOxHH5O7tIuuLOCnLADRw=="],

    "debug": ["debug@4.4.1", "", { "dependencies": { "ms": "^2.1.3" } }, "sha512-KcKCqiftBJcZr++7ykoDIEwSa3XWowTfNPo92BYxjXiyYEVrUQh2aLyhxBCwww+heortUFxEJYcRzosstTEBYQ=="],

    "devtools-detector": ["devtools-detector@2.0.23", "", { "dependencies": { "compare-versions": "^3.6.0" } }, "sha512-EuOQS239TReRFGstqj7ce+iBOfTPwPHGtRMb1rAaT94ta6L8v4KC0Cssr7YFN92DOuf7tfNiO/y3MYoDTCi1Og=="],

    "is-extglob": ["is-extglob@2.1.1", "", {}, "sha512-SbKbANkN603Vi4jEZv49LeVJMn4yGwsbzZworEoyEiutsN3nJYdbO36zfhGJ6QEDpOZIFkDtnq5JRxmvl3jsoQ=="],

    "is-glob": ["is-glob@4.0.3", "", { "dependencies": { "is-extglob": "^2.1.1" } }, "sha512-xelSayHH36ZgE7ZWhli7pW34hNbNl8Ojv5KVmkJD4hBdD3th8Tfk9vYasLM+mXWOZhFkgZfxhLSnrwRr4elSSg=="],

    "magic-string": ["magic-string@0.30.17", "", { "dependencies": { "@jridgewell/sourcemap-codec": "^1.5.0" } }, "sha512-sNPKHvyjVf7gyjwS4xGTaW/mCnF8wnjtifKBEhxfZ7E/S8tQ0rssrwGNn6q8JH/ohItJfSQp9mBtQYuTlH5QnA=="],

    "ms": ["ms@2.1.3", "", {}, "sha512-6FlzubTLZG3J2a/NVCAleEhjzq5oxgHyaCU9yYXvcLsvoVaHJq/s5xXI6/XXP6tz7R9xAOtHnSO/tXtF3WRTlA=="],

    "oxc-parser": ["oxc-parser@0.72.3", "", { "dependencies": { "@oxc-project/types": "^0.72.3" }, "optionalDependencies": { "@oxc-parser/binding-darwin-arm64": "0.72.3", "@oxc-parser/binding-darwin-x64": "0.72.3", "@oxc-parser/binding-freebsd-x64": "0.72.3", "@oxc-parser/binding-linux-arm-gnueabihf": "0.72.3", "@oxc-parser/binding-linux-arm-musleabihf": "0.72.3", "@oxc-parser/binding-linux-arm64-gnu": "0.72.3", "@oxc-parser/binding-linux-arm64-musl": "0.72.3", "@oxc-parser/binding-linux-riscv64-gnu": "0.72.3", "@oxc-parser/binding-linux-s390x-gnu": "0.72.3", "@oxc-parser/binding-linux-x64-gnu": "0.72.3", "@oxc-parser/binding-linux-x64-musl": "0.72.3", "@oxc-parser/binding-wasm32-wasi": "0.72.3", "@oxc-parser/binding-win32-arm64-msvc": "0.72.3", "@oxc-parser/binding-win32-x64-msvc": "0.72.3" } }, "sha512-JYQeJKDcUTTZ/uTdJ+fZBGFjAjkLD1h0p3Tf44ZYXRcoMk+57d81paNPFAAwzrzzqhZmkGvKKXDxwyhJXYZlpg=="],

    "oxc-transform": ["oxc-transform@0.72.3", "", { "optionalDependencies": { "@oxc-transform/binding-darwin-arm64": "0.72.3", "@oxc-transform/binding-darwin-x64": "0.72.3", "@oxc-transform/binding-freebsd-x64": "0.72.3", "@oxc-transform/binding-linux-arm-gnueabihf": "0.72.3", "@oxc-transform/binding-linux-arm-musleabihf": "0.72.3", "@oxc-transform/binding-linux-arm64-gnu": "0.72.3", "@oxc-transform/binding-linux-arm64-musl": "0.72.3", "@oxc-transform/binding-linux-riscv64-gnu": "0.72.3", "@oxc-transform/binding-linux-s390x-gnu": "0.72.3", "@oxc-transform/binding-linux-x64-gnu": "0.72.3", "@oxc-transform/binding-linux-x64-musl": "0.72.3", "@oxc-transform/binding-wasm32-wasi": "0.72.3", "@oxc-transform/binding-win32-arm64-msvc": "0.72.3", "@oxc-transform/binding-win32-x64-msvc": "0.72.3" } }, "sha512-n9nf9BgUEA0j+lplu2XLgNuBAdruS5xgja/AWWr5eZ7RBRDgYQ/G1YJatn1j63dI4TCUpZVPx0BjESz+l/iuyA=="],

    "pathe": ["pathe@2.0.3", "", {}, "sha512-WUjGcAqP1gQacoQe+OBJsFA7Ld4DyXuUIjZ5cc75cLHvJ7dtNsTugphxIADwspS+AraAUePCKrSVtPLFj/F88w=="],

    "picomatch": ["picomatch@4.0.2", "", {}, "sha512-M7BAV6Rlcy5u+m6oPhAPFgJTzAioX/6B0DxyvDlo9l8+T3nLKbrczg2WLUyzd45L8RqfUMyGPzekbMvX2Ldkwg=="],

    "react": ["react@19.1.0", "", {}, "sha512-FS+XFBNvn3GTAWq26joslQgWNoFu08F4kl0J4CgdNKADkdSGXQyTCnKteIAJy96Br6YbpEU1LSzV5dYtjMkMDg=="],

    "tslib": ["tslib@2.8.1", "", {}, "sha512-oJFu94HQb+KVduSUQL7wnpmqnfmLsOA/nAh6b6EH0wCEoK0/mPeXU6c3wKDV83MkOuHPRHtSXKKU99IBazS/2w=="],

    "typescript": ["typescript@5.8.3", "", { "bin": { "tsc": "bin/tsc", "tsserver": "bin/tsserver" } }, "sha512-p1diW6TqL9L07nNxvRMM7hMMw4c5XOo/1ibL4aAIGmSAt9slTE1Xgw5KWuof2uTOvCg9BY7ZRi+GaF+7sfgPeQ=="],

    "undici-types": ["undici-types@7.8.0", "", {}, "sha512-9UJ2xGDvQ43tYyVMpuHlsgApydB8ZKfVYTsLDhXkFL/6gfkp+U8xTGdh8pMJv1SpZna0zxG1DwsKZsreLbXBxw=="],

    "unplugin": ["unplugin@2.3.5", "", { "dependencies": { "acorn": "^8.14.1", "picomatch": "^4.0.2", "webpack-virtual-modules": "^0.6.2" } }, "sha512-RyWSb5AHmGtjjNQ6gIlA67sHOsWpsbWpwDokLwTcejVdOjEkJZh7QKu14J00gDDVSh8kGH4KYC/TNBceXFZhtw=="],

    "unplugin-isolated-decl": ["unplugin-isolated-decl@0.14.3", "", { "dependencies": { "debug": "^4.4.1", "magic-string": "^0.30.17", "oxc-parser": "^0.72.2", "oxc-transform": "^0.72.2", "unplugin": "^2.3.5", "unplugin-utils": "^0.2.4" }, "peerDependencies": { "@swc/core": "^1.6.6", "typescript": "^5.5.2" }, "optionalPeers": ["@swc/core", "typescript"] }, "sha512-Rkn6xVe3ljVtYYPpTNe4BaPWvA4vs7SW7swp/XWg1Kj0nyz3AAgWc74yneStS1SQ5eZi7qYs5lkkPpcvrS2uSQ=="],

    "unplugin-utils": ["unplugin-utils@0.2.4", "", { "dependencies": { "pathe": "^2.0.2", "picomatch": "^4.0.2" } }, "sha512-8U/MtpkPkkk3Atewj1+RcKIjb5WBimZ/WSLhhR3w6SsIj8XJuKTacSP8g+2JhfSGw0Cb125Y+2zA/IzJZDVbhA=="],

    "webpack-virtual-modules": ["webpack-virtual-modules@0.6.2", "", {}, "sha512-66/V2i5hQanC51vBQKPH4aI8NMAcBW59FVBs+rC7eGHupMyfn34q7rZIE+ETlJ+XTevqfUhVVBgSUNSW2flEUQ=="],

    "bun-plugin-isolated-decl/oxc-transform": ["oxc-transform@0.71.0", "", { "optionalDependencies": { "@oxc-transform/binding-darwin-arm64": "0.71.0", "@oxc-transform/binding-darwin-x64": "0.71.0", "@oxc-transform/binding-freebsd-x64": "0.71.0", "@oxc-transform/binding-linux-arm-gnueabihf": "0.71.0", "@oxc-transform/binding-linux-arm-musleabihf": "0.71.0", "@oxc-transform/binding-linux-arm64-gnu": "0.71.0", "@oxc-transform/binding-linux-arm64-musl": "0.71.0", "@oxc-transform/binding-linux-riscv64-gnu": "0.71.0", "@oxc-transform/binding-linux-s390x-gnu": "0.71.0", "@oxc-transform/binding-linux-x64-gnu": "0.71.0", "@oxc-transform/binding-linux-x64-musl": "0.71.0", "@oxc-transform/binding-wasm32-wasi": "0.71.0", "@oxc-transform/binding-win32-arm64-msvc": "0.71.0", "@oxc-transform/binding-win32-x64-msvc": "0.71.0" } }, "sha512-yV7YjOUdeoE/l90yLsLUzCTCFSRLcjuNVgPNfkOVbOw1iddXaTBwnJ87JBYbJoxysT7CRRae/6sKqJRWY2TCsA=="],

    "bun-plugin-isolated-decl/oxc-transform/@oxc-transform/binding-darwin-arm64": ["@oxc-transform/binding-darwin-arm64@0.71.0", "", { "os": "darwin", "cpu": "arm64" }, "sha512-v34aKqVDv7rhz4ot2+jcRXcqBzPMcT9U9Iek1sSsVDOQlOCofoLAiAtjApx2dNmMMUhOPAR+exVPmosiB0HvIw=="],

    "bun-plugin-isolated-decl/oxc-transform/@oxc-transform/binding-darwin-x64": ["@oxc-transform/binding-darwin-x64@0.71.0", "", { "os": "darwin", "cpu": "x64" }, "sha512-8r07vSpE3iVww9dJ+jjBd+UGdqLED3JlhMWqiborUJboTgokV0CuNLl2n1DN6z4/nibMGPcz+8yxuCIHGRIC5w=="],

    "bun-plugin-isolated-decl/oxc-transform/@oxc-transform/binding-freebsd-x64": ["@oxc-transform/binding-freebsd-x64@0.71.0", "", { "os": "freebsd", "cpu": "x64" }, "sha512-K1xbJOz69d7t/mlSAN0/5LeEfYcCSMburm90oRfNU35fTg8n3+en1ggTXBL/4KhBHq434q2J4VGI9dHicoKCAA=="],

    "bun-plugin-isolated-decl/oxc-transform/@oxc-transform/binding-linux-arm-gnueabihf": ["@oxc-transform/binding-linux-arm-gnueabihf@0.71.0", "", { "os": "linux", "cpu": "arm" }, "sha512-pq8/4CkIwwCQRM1YGMejNZysHP3SCKBCxY5fUsgMNpSAnqSm+fxt9N5OyXa9v1RDM85O8118/DP31/h2MXiQxw=="],

    "bun-plugin-isolated-decl/oxc-transform/@oxc-transform/binding-linux-arm-musleabihf": ["@oxc-transform/binding-linux-arm-musleabihf@0.71.0", "", { "os": "linux", "cpu": "arm" }, "sha512-d1JB5cRZdSOz42P9v3K9By4a7FpEQwszj9WOqS5Yr1Ovb0kmgpa73izfMZ2FTHDJ38bfzySy81N9uwfNd0Xn4g=="],

    "bun-plugin-isolated-decl/oxc-transform/@oxc-transform/binding-linux-arm64-gnu": ["@oxc-transform/binding-linux-arm64-gnu@0.71.0", "", { "os": "linux", "cpu": "arm64" }, "sha512-lJGOwngKVPyMcXxcxlS7OD8LGt+JZBe0EVAKS9ByxjlKr/Uk880XqJypWihjNZLmMSTLnkTA3BLqV02/6bdD1w=="],

    "bun-plugin-isolated-decl/oxc-transform/@oxc-transform/binding-linux-arm64-musl": ["@oxc-transform/binding-linux-arm64-musl@0.71.0", "", { "os": "linux", "cpu": "arm64" }, "sha512-8LFHDuqvBw8G9c7BK2ad/JNG4AzVYmD3S1K/2h01hs5QaNw/3dIATX8eHeQO3CdPECut4yMuckWL2BJ5hrljxw=="],

    "bun-plugin-isolated-decl/oxc-transform/@oxc-transform/binding-linux-riscv64-gnu": ["@oxc-transform/binding-linux-riscv64-gnu@0.71.0", "", { "os": "linux", "cpu": "none" }, "sha512-LDMtuq3QBbMI3COJbTDD4UGvZbu+7BKjneJ5wcgmvi4qKJoeGfZaWQHvoJoVqngfgKimFx3+wffhmsfX90oKTA=="],

    "bun-plugin-isolated-decl/oxc-transform/@oxc-transform/binding-linux-s390x-gnu": ["@oxc-transform/binding-linux-s390x-gnu@0.71.0", "", { "os": "linux", "cpu": "s390x" }, "sha512-mOuMVjIRB463TsAtfsfUnrtiBnwcSgcb4iTuF6roHTxpypC0iNC6SWYMQGL8d/0xfZ8kMbWkH/0ruyzsUOFNAA=="],

    "bun-plugin-isolated-decl/oxc-transform/@oxc-transform/binding-linux-x64-gnu": ["@oxc-transform/binding-linux-x64-gnu@0.71.0", "", { "os": "linux", "cpu": "x64" }, "sha512-48xBId6pPNnXSgLR8ibgGTXO1ofHB/n5C4RO8HRwP39jTkzRRBOFFVp60mNHC+JKUqGcWYXt3cm0vGDiduJ/bw=="],

    "bun-plugin-isolated-decl/oxc-transform/@oxc-transform/binding-linux-x64-musl": ["@oxc-transform/binding-linux-x64-musl@0.71.0", "", { "os": "linux", "cpu": "x64" }, "sha512-PRR6v35S6vlRDZoFvMGMk6UcASbPzrtCnBc5y8AVUE2ULAwX7YUXJQJGYe5z8FyHljiTgHQTdJbe8TBcIPaCPw=="],

    "bun-plugin-isolated-decl/oxc-transform/@oxc-transform/binding-wasm32-wasi": ["@oxc-transform/binding-wasm32-wasi@0.71.0", "", { "dependencies": { "@napi-rs/wasm-runtime": "^0.2.10" }, "cpu": "none" }, "sha512-gc5Xk55C1r17Z96oznbBfihbgmSLktcTi719QqiVJs9N9iJHLM7mooaYA30JT9JaekIqB2LftmmUpQ9wLKG4Sw=="],

    "bun-plugin-isolated-decl/oxc-transform/@oxc-transform/binding-win32-arm64-msvc": ["@oxc-transform/binding-win32-arm64-msvc@0.71.0", "", { "os": "win32", "cpu": "arm64" }, "sha512-t7kzebqluF3kliUZPY9liSFQlzsseCHGqX/LKc9Aq3kTvvYYmy8TftFrMfgJ8nBEFTynSsb1UJXEiSaadb88SA=="],

    "bun-plugin-isolated-decl/oxc-transform/@oxc-transform/binding-win32-x64-msvc": ["@oxc-transform/binding-win32-x64-msvc@0.71.0", "", { "os": "win32", "cpu": "x64" }, "sha512-J0PCgifswOYRTKRbo5uOk3nHl1ZC59xh/JdsAYkXMk5YygjVHh5NcmPXPjMiDR/iHHK6LxqFjumRQwtCX8gF5w=="],
  }
}
